# This file was autogenerated by uv via the following command:
#    uv pip compile ppt/pyproject.toml --all-extras --python-version 3.11 --python-platform x86_64-manylinux_2_28 -o /tmp/dev.lock
agate==1.9.1
    # via
    #   dbt-adapters
    #   dbt-common
    #   dbt-core
    #   dbt-snowflake
alabaster==1.0.0
    # via sphinx
annotated-doc==0.0.5
    # via fastapi
annotated-types==0.8.0
    # via pydantic
antlr4-python3-runtime==4.9.3
    # via
    #   linkml
    #   pyjsg
    #   pyshexc
anyio==4.15.1
    # via
    #   httpx
    #   httpx2
    #   mcp
    #   sse-starlette
    #   starlette
arrow==1.4.0
    # via isoduration
asn1crypto==1.5.1
    # via snowflake-connector-python
attrs==26.1.0
    # via
    #   jsonschema
    #   referencing
babel==2.18.0
    # via
    #   agate
    #   sphinx
backports-tarfile==1.2.0
    # via jaraco-context
backports-zstd==1.7.0
    # via pystow
boolean-py==5.0
    # via license-expression
boto3==1.43.108
    # via snowflake-connector-python
botocore==1.43.108
    # via
    #   boto3
    #   s3transfer
    #   snowflake-connector-python
cachecontrol==0.14.4
    # via pip-audit
certifi==2025.1.31
    # via
    #   dbt-snowflake
    #   httpcore
    #   httpx
    #   requests
    #   snowflake-connector-python
cffi==2.1.1
    # via cryptography
cfgraph==0.2.1
    # via pyshex
chardet==7.6.0
    # via
    #   cyclonedx-bom
    #   pyshex
    #   pyshexc
charset-normalizer==3.5.2
    # via
    #   requests
    #   snowflake-connector-python
click==8.5.0
    # via
    #   scm-ontology (ppt/pyproject.toml)
    #   dbt-core
    #   dbt-semantic-interfaces
    #   json-flattener
    #   linkml
    #   linkml-runtime
    #   prefixcommons
    #   sphinx-click
    #   uvicorn
colorama==0.4.6
    # via dbt-common
coverage==7.16.2
    # via pytest-cov
cryptography==50.0.2
    # via
    #   scm-ontology (ppt/pyproject.toml)
    #   pyjwt
    #   pyopenssl
    #   secretstorage
    #   snowflake-connector-python
curies==0.15.1
    # via
    #   linkml-runtime
    #   prefixmaps
cyclonedx-bom==7.5.0
    # via scm-ontology (ppt/pyproject.toml)
cyclonedx-python-lib==11.12.0
    # via
    #   cyclonedx-bom
    #   pip-audit
daff==1.4.2
    # via dbt-core
dbt-adapters==1.24.5
    # via
    #   dbt-core
    #   dbt-duckdb
    #   dbt-snowflake
dbt-common==1.39.0
    # via
    #   dbt-adapters
    #   dbt-core
    #   dbt-duckdb
    #   dbt-snowflake
dbt-core==1.11.15
    # via
    #   scm-ontology (ppt/pyproject.toml)
    #   dbt-duckdb
    #   dbt-snowflake
dbt-duckdb==1.10.1
    # via scm-ontology (ppt/pyproject.toml)
dbt-extractor==0.6.0
    # via dbt-core
dbt-protos==1.0.565
    # via
    #   dbt-adapters
    #   dbt-common
    #   dbt-core
dbt-semantic-interfaces==0.9.0
    # via dbt-core
dbt-snowflake==1.11.6
    # via scm-ontology (ppt/pyproject.toml)
deepdiff==8.6.2
    # via dbt-common
defusedxml==0.7.1
    # via py-serializable
deprecated==1.3.1
    # via linkml-runtime
docutils==0.22.4
    # via
    #   sphinx
    #   sphinx-click
duckdb==1.5.6
    # via
    #   scm-ontology (ppt/pyproject.toml)
    #   dbt-duckdb
et-xmlfile==2.0.0
    # via openpyxl
fastapi==0.142.2
    # via scm-ontology (ppt/pyproject.toml)
filelock==3.32.7
    # via
    #   cachecontrol
    #   snowflake-connector-python
fqdn==1.6.0
    # via jsonschema
graphviz==0.21
    # via linkml
h11==0.16.0
    # via
    #   httpcore
    #   httpcore2
    #   uvicorn
hbreader==0.9.1
    # via
    #   jsonasobj2
    #   linkml
    #   linkml-runtime
httpcore==1.0.9
    # via httpx
httpcore2==2.13.1
    # via httpx2
httpx==0.28.1
    # via scm-ontology (ppt/pyproject.toml)
httpx2==2.13.1
    # via mcp
idna==3.20
    # via
    #   anyio
    #   httpx
    #   httpx2
    #   jsonschema
    #   requests
    #   snowflake-connector-python
imagesize==2.0.1
    # via sphinx
importlib-metadata==8.9.0
    # via
    #   dbt-semantic-interfaces
    #   keyring
iniconfig==2.3.0
    # via pytest
isodate==0.7.2
    # via
    #   agate
    #   dbt-common
    #   linkml
isoduration==20.11.0
    # via jsonschema
jaraco-classes==3.4.0
    # via keyring
jaraco-context==6.1.2
    # via keyring
jaraco-functools==4.6.0
    # via keyring
jeepney==0.9.0
    # via
    #   keyring
    #   secretstorage
jinja2==3.1.6
    # via
    #   dbt-common
    #   dbt-core
    #   dbt-semantic-interfaces
    #   linkml
    #   sphinx
jmespath==1.1.0
    # via
    #   boto3
    #   botocore
json-flattener==0.1.9
    # via linkml-runtime
jsonasobj==1.3.1
    # via
    #   pyjsg
    #   pyshexc
jsonasobj2==1.0.4
    # via
    #   linkml
    #   linkml-runtime
jsonpointer==3.1.1
    # via jsonschema
jsonschema==4.26.0
    # via
    #   cyclonedx-python-lib
    #   dbt-common
    #   dbt-core
    #   dbt-semantic-interfaces
    #   linkml
    #   linkml-runtime
    #   mcp
jsonschema-specifications==2025.9.1
    # via jsonschema
keyring==25.7.0
    # via snowflake-connector-python
lark==1.3.1
    # via rfc3987-syntax
leather==0.4.1
    # via agate
license-expression==30.4.4
    # via cyclonedx-python-lib
linkml==1.11.1
    # via scm-ontology (ppt/pyproject.toml)
linkml-runtime==1.11.1
    # via linkml
lxml==6.1.3
    # via cyclonedx-python-lib
markdown-it-py==4.2.0
    # via rich
markupsafe==3.0.3
    # via jinja2
mashumaro==3.14
    # via
    #   dbt-adapters
    #   dbt-common
    #   dbt-core
mcp==2.3.0
    # via scm-ontology (ppt/pyproject.toml)
mcp-types==2.3.0
    # via mcp
mdurl==0.1.2
    # via markdown-it-py
more-itertools==10.8.0
    # via
    #   dbt-semantic-interfaces
    #   jaraco-classes
    #   jaraco-functools
msgpack==1.2.3
    # via
    #   cachecontrol
    #   mashumaro
networkx==3.6.1
    # via dbt-core
numpy==2.4.6
    # via
    #   scm-ontology (ppt/pyproject.toml)
    #   pandas
openpyxl==3.1.5
    # via linkml
opentelemetry-api==1.45.0
    # via
    #   dbt-common
    #   fastapi
    #   mcp
orderly-set==5.5.0
    # via deepdiff
packageurl-python==0.17.6
    # via
    #   cyclonedx-bom
    #   cyclonedx-python-lib
packaging==26.3
    # via
    #   cyclonedx-bom
    #   dbt-core
    #   pip-audit
    #   pip-requirements-parser
    #   pytest
    #   snowflake-connector-python
    #   sphinx
pandas==3.0.6
    # via scm-ontology (ppt/pyproject.toml)
parse==1.22.2
    # via linkml
parsedatetime==2.6
    # via agate
pathspec==0.12.1
    # via
    #   dbt-common
    #   dbt-core
pip==26.2.1
    # via pip-api
pip-api==0.0.35
    # via pip-audit
pip-audit==2.10.1
    # via scm-ontology (ppt/pyproject.toml)
pip-requirements-parser==32.0.1
    # via
    #   cyclonedx-bom
    #   pip-audit
platformdirs==4.12.2
    # via
    #   pip-audit
    #   snowflake-connector-python
pluggy==1.6.0
    # via
    #   pytest
    #   pytest-cov
prefixcommons==0.1.12
    # via
    #   linkml
    #   linkml-runtime
prefixmaps==0.2.6
    # via
    #   linkml
    #   linkml-runtime
protobuf==6.33.6
    # via
    #   dbt-adapters
    #   dbt-common
    #   dbt-core
    #   dbt-protos
py-serializable==2.1.0
    # via cyclonedx-python-lib
pyarrow==25.0.1
    # via scm-ontology (ppt/pyproject.toml)
pycparser==3.0
    # via cffi
pydantic==2.13.5
    # via
    #   scm-ontology (ppt/pyproject.toml)
    #   curies
    #   dbt-core
    #   dbt-semantic-interfaces
    #   fastapi
    #   linkml
    #   linkml-runtime
    #   mcp
    #   mcp-types
pydantic-core==2.46.5
    # via pydantic
pygments==2.21.0
    # via
    #   pytest
    #   rich
    #   sphinx
pyjsg==0.12.4
    # via
    #   linkml
    #   pyshexc
    #   shexjsg
pyjwt==2.15.1
    # via
    #   mcp
    #   snowflake-connector-python
pyopenssl==26.4.0
    # via
    #   scm-ontology (ppt/pyproject.toml)
    #   snowflake-connector-python
pyparsing==3.3.3
    # via
    #   pip-requirements-parser
    #   rdflib
pyshex==0.9.0
    # via linkml
pyshexc==0.10.3.post1
    # via
    #   linkml
    #   pyshex
pystow==0.10.0
    # via curies
pytest==9.1.1
    # via
    #   scm-ontology (ppt/pyproject.toml)
    #   pytest-cov
    #   pytest-logging
pytest-cov==7.1.0
    # via scm-ontology (ppt/pyproject.toml)
pytest-logging==2015.11.4
    # via prefixcommons
python-dateutil==2.9.0.post0
    # via
    #   arrow
    #   botocore
    #   dbt-common
    #   dbt-semantic-interfaces
    #   linkml
    #   pandas
python-multipart==0.0.32
    # via mcp
python-slugify==9.1.2
    # via agate
pytimeparse==1.1.8
    # via agate
pytz==2026.4
    # via
    #   dbt-adapters
    #   dbt-core
    #   snowflake-connector-python
pyyaml==6.0.3
    # via
    #   scm-ontology (ppt/pyproject.toml)
    #   dbt-core
    #   dbt-semantic-interfaces
    #   json-flattener
    #   linkml
    #   linkml-runtime
    #   prefixcommons
    #   prefixmaps
rdflib==7.6.0
    # via
    #   cfgraph
    #   linkml
    #   linkml-runtime
    #   rdflib-jsonld
    #   rdflib-shim
    #   sparqlslurper
    #   sparqlwrapper
rdflib-jsonld==0.6.1
    # via rdflib-shim
rdflib-shim==1.0.3
    # via
    #   pyshex
    #   pyshexc
    #   sparqlslurper
referencing==0.37.0
    # via
    #   cyclonedx-python-lib
    #   jsonschema
    #   jsonschema-specifications
requests==2.34.2
    # via
    #   cachecontrol
    #   dbt-common
    #   dbt-core
    #   linkml
    #   linkml-runtime
    #   pip-audit
    #   prefixcommons
    #   pyjsg
    #   pyshex
    #   snowflake-connector-python
    #   snowplow-tracker
    #   sphinx
rfc3339-validator==0.1.4
    # via jsonschema
rfc3986-validator==0.1.1
    # via jsonschema
rfc3987==1.3.8
    # via jsonschema
rfc3987-syntax==1.1.0
    # via jsonschema
rich==15.0.0
    # via pip-audit
roman-numerals==4.1.0
    # via sphinx
rpds-py==2026.6.3
    # via
    #   jsonschema
    #   referencing
ruff==0.16.10
    # via scm-ontology (ppt/pyproject.toml)
s3transfer==0.19.2
    # via boto3
secretstorage==3.5.0
    # via keyring
shexjsg==0.9.0
    # via
    #   pyshex
    #   pyshexc
six==1.17.0
    # via
    #   python-dateutil
    #   rfc3339-validator
snowballstemmer==3.1.1
    # via sphinx
snowflake-connector-python==4.8.0
    # via
    #   scm-ontology (ppt/pyproject.toml)
    #   dbt-snowflake
snowplow-tracker==1.1.0
    # via dbt-core
sortedcontainers==2.4.0
    # via
    #   cyclonedx-python-lib
    #   snowflake-connector-python
sparqlslurper==0.5.1
    # via pyshex
sparqlwrapper==2.0.0
    # via
    #   pyshex
    #   sparqlslurper
sphinx==9.0.4
    # via sphinx-click
sphinx-click==6.2.0
    # via linkml
sphinxcontrib-applehelp==2.0.0
    # via sphinx
sphinxcontrib-devhelp==2.0.0
    # via sphinx
sphinxcontrib-htmlhelp==2.1.0
    # via sphinx
sphinxcontrib-jsmath==1.0.1
    # via sphinx
sphinxcontrib-qthelp==2.0.0
    # via sphinx
sphinxcontrib-serializinghtml==2.0.0
    # via sphinx
sqlalchemy==2.1.2
    # via linkml
sqlparse==0.6.0
    # via dbt-core
sse-starlette==3.5.0
    # via mcp
starlette==1.7.0
    # via
    #   fastapi
    #   mcp
    #   sse-starlette
text-unidecode==1.3
    # via python-slugify
tomli==2.4.1
    # via
    #   coverage
    #   pip-audit
tomli-w==1.2.0
    # via pip-audit
tomlkit==0.15.1
    # via snowflake-connector-python
tqdm==4.70.1
    # via pystow
truststore==0.10.4
    # via
    #   httpcore2
    #   httpx2
typing-extensions==4.16.0
    # via
    #   anyio
    #   curies
    #   cyclonedx-python-lib
    #   dbt-adapters
    #   dbt-common
    #   dbt-core
    #   dbt-semantic-interfaces
    #   fastapi
    #   httpx2
    #   linkml
    #   mashumaro
    #   mcp
    #   mcp-types
    #   opentelemetry-api
    #   pydantic
    #   pydantic-core
    #   pyopenssl
    #   pystow
    #   referencing
    #   snowflake-connector-python
    #   snowplow-tracker
    #   sqlalchemy
    #   starlette
    #   typing-inspection
typing-inspection==0.4.4
    # via
    #   fastapi
    #   mcp
    #   pydantic
tzdata==2026.4
    # via arrow
uri-template==1.3.0
    # via jsonschema
urllib3==2.8.0
    # via
    #   botocore
    #   pyshex
    #   requests
uvicorn==0.54.0
    # via
    #   scm-ontology (ppt/pyproject.toml)
    #   mcp
watchdog==6.0.0
    # via linkml
webcolors==25.10.0
    # via jsonschema
wrapt==2.5.0
    # via deprecated
xlrd==2.0.2
    # via scm-ontology (ppt/pyproject.toml)
zipp==4.1.0
    # via importlib-metadata
